
Microsoft Visual Studio Solution File, Format Version 12.00
# Visual Studio Version 17
VisualStudioVersion = 17.5.002.0
MinimumVisualStudioVersion = 10.0.40219.1
Project("{9A19103F-16F7-4668-BE54-9A1E7A4F7556}") = "ProductsAPI", "ProductsAPI.csproj", "{63AEBF58-0271-4A8E-B855-58B7C00FAE5A}"
EndProject
Global
	GlobalSection(SolutionConfigurationPlatforms) = preSolution
		Debug|Any CPU = Debug|Any CPU
		Release|Any CPU = Release|Any CPU
	EndGlobalSection
	GlobalSection(ProjectConfigurationPlatforms) = postSolution
		{63AEBF58-0271-4A8E-B855-58B7C00FAE5A}.Debug|Any CPU.ActiveCfg = Debug|Any CPU
		{63AEBF58-0271-4A8E-B855-58B7C00FAE5A}.Debug|Any CPU.Build.0 = Debug|Any CPU
		{63AEBF58-0271-4A8E-B855-58B7C00FAE5A}.Release|Any CPU.ActiveCfg = Release|Any CPU
		{63AEBF58-0271-4A8E-B855-58B7C00FAE5A}.Release|Any CPU.Build.0 = Release|Any CPU
	EndGlobalSection
	GlobalSection(SolutionProperties) = preSolution
		HideSolutionNode = FALSE
	EndGlobalSection
	GlobalSection(ExtensibilityGlobals) = postSolution
		SolutionGuid = {64ACF942-95FB-42CD-8F1B-F4E396A6DFE3}
	EndGlobalSection
EndGlobal
